
Microsoft Visual Studio Solution File, Format Version 12.00
# Visual Studio Version 17
VisualStudioVersion = 17.6.33829.357
MinimumVisualStudioVersion = 10.0.40219.1
Project("{FAE04EC0-301F-11D3-BF4B-00C04F79EFBC}") = "Lab_Ass4_Ques2", "Lab_Ass4_Ques2\Lab_Ass4_Ques2.csproj", "{F783CD3A-A42A-436C-BC1D-F08F8293F330}"
EndProject
Global
	GlobalSection(SolutionConfigurationPlatforms) = preSolution
		Debug|Any CPU = Debug|Any CPU
		Release|Any CPU = Release|Any CPU
	EndGlobalSection
	GlobalSection(ProjectConfigurationPlatforms) = postSolution
		{F783CD3A-A42A-436C-BC1D-F08F8293F330}.Debug|Any CPU.ActiveCfg = Debug|Any CPU
		{F783CD3A-A42A-436C-BC1D-F08F8293F330}.Debug|Any CPU.Build.0 = Debug|Any CPU
		{F783CD3A-A42A-436C-BC1D-F08F8293F330}.Release|Any CPU.ActiveCfg = Release|Any CPU
		{F783CD3A-A42A-436C-BC1D-F08F8293F330}.Release|Any CPU.Build.0 = Release|Any CPU
	EndGlobalSection
	GlobalSection(SolutionProperties) = preSolution
		HideSolutionNode = FALSE
	EndGlobalSection
	GlobalSection(ExtensibilityGlobals) = postSolution
		SolutionGuid = {A71C568C-8A5E-4F66-8F60-47ADB85687DB}
	EndGlobalSection
EndGlobal
