
Microsoft Visual Studio Solution File, Format Version 12.00
# Visual Studio Version 17
VisualStudioVersion = 17.6.33829.357
MinimumVisualStudioVersion = 10.0.40219.1
Project("{FAE04EC0-301F-11D3-BF4B-00C04F79EFBC}") = "Lab_Ass4_Ques8", "Lab_Ass4_Ques8\Lab_Ass4_Ques8.csproj", "{3B269EF6-CF10-4F03-A328-4E12CB26B4F2}"
EndProject
Global
	GlobalSection(SolutionConfigurationPlatforms) = preSolution
		Debug|Any CPU = Debug|Any CPU
		Release|Any CPU = Release|Any CPU
	EndGlobalSection
	GlobalSection(ProjectConfigurationPlatforms) = postSolution
		{3B269EF6-CF10-4F03-A328-4E12CB26B4F2}.Debug|Any CPU.ActiveCfg = Debug|Any CPU
		{3B269EF6-CF10-4F03-A328-4E12CB26B4F2}.Debug|Any CPU.Build.0 = Debug|Any CPU
		{3B269EF6-CF10-4F03-A328-4E12CB26B4F2}.Release|Any CPU.ActiveCfg = Release|Any CPU
		{3B269EF6-CF10-4F03-A328-4E12CB26B4F2}.Release|Any CPU.Build.0 = Release|Any CPU
	EndGlobalSection
	GlobalSection(SolutionProperties) = preSolution
		HideSolutionNode = FALSE
	EndGlobalSection
	GlobalSection(ExtensibilityGlobals) = postSolution
		SolutionGuid = {4228110E-0FE7-4E05-B534-49EEFFACC132}
	EndGlobalSection
EndGlobal
