
Microsoft Visual Studio Solution File, Format Version 12.00
# Visual Studio Version 17
VisualStudioVersion = 17.6.33829.357
MinimumVisualStudioVersion = 10.0.40219.1
Project("{FAE04EC0-301F-11D3-BF4B-00C04F79EFBC}") = "Lab_Ass4_Ques3", "Lab_Ass4_Ques3\Lab_Ass4_Ques3.csproj", "{A0EAB8F0-D4C5-4497-8F59-B36632D6F5A1}"
EndProject
Global
	GlobalSection(SolutionConfigurationPlatforms) = preSolution
		Debug|Any CPU = Debug|Any CPU
		Release|Any CPU = Release|Any CPU
	EndGlobalSection
	GlobalSection(ProjectConfigurationPlatforms) = postSolution
		{A0EAB8F0-D4C5-4497-8F59-B36632D6F5A1}.Debug|Any CPU.ActiveCfg = Debug|Any CPU
		{A0EAB8F0-D4C5-4497-8F59-B36632D6F5A1}.Debug|Any CPU.Build.0 = Debug|Any CPU
		{A0EAB8F0-D4C5-4497-8F59-B36632D6F5A1}.Release|Any CPU.ActiveCfg = Release|Any CPU
		{A0EAB8F0-D4C5-4497-8F59-B36632D6F5A1}.Release|Any CPU.Build.0 = Release|Any CPU
	EndGlobalSection
	GlobalSection(SolutionProperties) = preSolution
		HideSolutionNode = FALSE
	EndGlobalSection
	GlobalSection(ExtensibilityGlobals) = postSolution
		SolutionGuid = {7C4A5623-194C-4DA8-B2E3-5F8146B983D9}
	EndGlobalSection
EndGlobal
