
Microsoft Visual Studio Solution File, Format Version 12.00
# Visual Studio Version 17
VisualStudioVersion = 17.6.33829.357
MinimumVisualStudioVersion = 10.0.40219.1
Project("{FAE04EC0-301F-11D3-BF4B-00C04F79EFBC}") = "Lab_Ass3_Ques3_1", "Lab_Ass3_Ques3_1\Lab_Ass3_Ques3_1.csproj", "{719B59D4-D82D-4350-9CFD-9284054D803C}"
EndProject
Global
	GlobalSection(SolutionConfigurationPlatforms) = preSolution
		Debug|Any CPU = Debug|Any CPU
		Release|Any CPU = Release|Any CPU
	EndGlobalSection
	GlobalSection(ProjectConfigurationPlatforms) = postSolution
		{719B59D4-D82D-4350-9CFD-9284054D803C}.Debug|Any CPU.ActiveCfg = Debug|Any CPU
		{719B59D4-D82D-4350-9CFD-9284054D803C}.Debug|Any CPU.Build.0 = Debug|Any CPU
		{719B59D4-D82D-4350-9CFD-9284054D803C}.Release|Any CPU.ActiveCfg = Release|Any CPU
		{719B59D4-D82D-4350-9CFD-9284054D803C}.Release|Any CPU.Build.0 = Release|Any CPU
	EndGlobalSection
	GlobalSection(SolutionProperties) = preSolution
		HideSolutionNode = FALSE
	EndGlobalSection
	GlobalSection(ExtensibilityGlobals) = postSolution
		SolutionGuid = {935C2284-41FB-4561-B635-EB1D7569C654}
	EndGlobalSection
EndGlobal
