
Microsoft Visual Studio Solution File, Format Version 12.00
# Visual Studio Version 17
VisualStudioVersion = 17.6.33829.357
MinimumVisualStudioVersion = 10.0.40219.1
Project("{FAE04EC0-301F-11D3-BF4B-00C04F79EFBC}") = "Lab_Ass3_Ques6", "Lab_Ass3_Ques6\Lab_Ass3_Ques6.csproj", "{D5D21742-9B5A-47FD-9583-F22A463B1CD0}"
EndProject
Global
	GlobalSection(SolutionConfigurationPlatforms) = preSolution
		Debug|Any CPU = Debug|Any CPU
		Release|Any CPU = Release|Any CPU
	EndGlobalSection
	GlobalSection(ProjectConfigurationPlatforms) = postSolution
		{D5D21742-9B5A-47FD-9583-F22A463B1CD0}.Debug|Any CPU.ActiveCfg = Debug|Any CPU
		{D5D21742-9B5A-47FD-9583-F22A463B1CD0}.Debug|Any CPU.Build.0 = Debug|Any CPU
		{D5D21742-9B5A-47FD-9583-F22A463B1CD0}.Release|Any CPU.ActiveCfg = Release|Any CPU
		{D5D21742-9B5A-47FD-9583-F22A463B1CD0}.Release|Any CPU.Build.0 = Release|Any CPU
	EndGlobalSection
	GlobalSection(SolutionProperties) = preSolution
		HideSolutionNode = FALSE
	EndGlobalSection
	GlobalSection(ExtensibilityGlobals) = postSolution
		SolutionGuid = {44B4BB52-7F29-4D29-AC41-01ECBF9D5EBB}
	EndGlobalSection
EndGlobal
