
Microsoft Visual Studio Solution File, Format Version 12.00
# Visual Studio Version 17
VisualStudioVersion = 17.6.33829.357
MinimumVisualStudioVersion = 10.0.40219.1
Project("{FAE04EC0-301F-11D3-BF4B-00C04F79EFBC}") = "Lab_Ass4_Ques6", "Lab_Ass4_Ques6\Lab_Ass4_Ques6.csproj", "{F13C1791-6655-4689-9FF3-3C76928EAF7A}"
EndProject
Global
	GlobalSection(SolutionConfigurationPlatforms) = preSolution
		Debug|Any CPU = Debug|Any CPU
		Release|Any CPU = Release|Any CPU
	EndGlobalSection
	GlobalSection(ProjectConfigurationPlatforms) = postSolution
		{F13C1791-6655-4689-9FF3-3C76928EAF7A}.Debug|Any CPU.ActiveCfg = Debug|Any CPU
		{F13C1791-6655-4689-9FF3-3C76928EAF7A}.Debug|Any CPU.Build.0 = Debug|Any CPU
		{F13C1791-6655-4689-9FF3-3C76928EAF7A}.Release|Any CPU.ActiveCfg = Release|Any CPU
		{F13C1791-6655-4689-9FF3-3C76928EAF7A}.Release|Any CPU.Build.0 = Release|Any CPU
	EndGlobalSection
	GlobalSection(SolutionProperties) = preSolution
		HideSolutionNode = FALSE
	EndGlobalSection
	GlobalSection(ExtensibilityGlobals) = postSolution
		SolutionGuid = {E95808EC-EF0D-4350-82EC-8613A1A1CF1C}
	EndGlobalSection
EndGlobal
