
Microsoft Visual Studio Solution File, Format Version 12.00
# Visual Studio Version 17
VisualStudioVersion = 17.6.33829.357
MinimumVisualStudioVersion = 10.0.40219.1
Project("{FAE04EC0-301F-11D3-BF4B-00C04F79EFBC}") = "Lab_Ass4_Ques9", "Lab_Ass4_Ques9\Lab_Ass4_Ques9.csproj", "{AD14182B-0EC8-4B19-8BBA-F6D46A5FBBDC}"
EndProject
Global
	GlobalSection(SolutionConfigurationPlatforms) = preSolution
		Debug|Any CPU = Debug|Any CPU
		Release|Any CPU = Release|Any CPU
	EndGlobalSection
	GlobalSection(ProjectConfigurationPlatforms) = postSolution
		{AD14182B-0EC8-4B19-8BBA-F6D46A5FBBDC}.Debug|Any CPU.ActiveCfg = Debug|Any CPU
		{AD14182B-0EC8-4B19-8BBA-F6D46A5FBBDC}.Debug|Any CPU.Build.0 = Debug|Any CPU
		{AD14182B-0EC8-4B19-8BBA-F6D46A5FBBDC}.Release|Any CPU.ActiveCfg = Release|Any CPU
		{AD14182B-0EC8-4B19-8BBA-F6D46A5FBBDC}.Release|Any CPU.Build.0 = Release|Any CPU
	EndGlobalSection
	GlobalSection(SolutionProperties) = preSolution
		HideSolutionNode = FALSE
	EndGlobalSection
	GlobalSection(ExtensibilityGlobals) = postSolution
		SolutionGuid = {5195E7EA-BC5E-4CAB-9158-10E2A19F086B}
	EndGlobalSection
EndGlobal
