
Microsoft Visual Studio Solution File, Format Version 12.00
# Visual Studio Version 17
VisualStudioVersion = 17.6.33829.357
MinimumVisualStudioVersion = 10.0.40219.1
Project("{FAE04EC0-301F-11D3-BF4B-00C04F79EFBC}") = "Lab_Ass4_Ques10", "Lab_Ass4_Ques10\Lab_Ass4_Ques10.csproj", "{8C100FE9-3B29-46B6-820D-04FDCBD89700}"
EndProject
Global
	GlobalSection(SolutionConfigurationPlatforms) = preSolution
		Debug|Any CPU = Debug|Any CPU
		Release|Any CPU = Release|Any CPU
	EndGlobalSection
	GlobalSection(ProjectConfigurationPlatforms) = postSolution
		{8C100FE9-3B29-46B6-820D-04FDCBD89700}.Debug|Any CPU.ActiveCfg = Debug|Any CPU
		{8C100FE9-3B29-46B6-820D-04FDCBD89700}.Debug|Any CPU.Build.0 = Debug|Any CPU
		{8C100FE9-3B29-46B6-820D-04FDCBD89700}.Release|Any CPU.ActiveCfg = Release|Any CPU
		{8C100FE9-3B29-46B6-820D-04FDCBD89700}.Release|Any CPU.Build.0 = Release|Any CPU
	EndGlobalSection
	GlobalSection(SolutionProperties) = preSolution
		HideSolutionNode = FALSE
	EndGlobalSection
	GlobalSection(ExtensibilityGlobals) = postSolution
		SolutionGuid = {9B439480-35F4-4BAC-AF32-10CBC228E0FE}
	EndGlobalSection
EndGlobal
